
Microsoft Visual Studio Solution File, Format Version 12.00
# Visual Studio 14
VisualStudioVersion = 14.0.24720.0
MinimumVisualStudioVersion = 10.0.40219.1
Project("{FAE04EC0-301F-11D3-BF4B-00C04F79EFBC}") = "FoodieBFCapstone.Data", "FoodieBFCapstone.Data\FoodieBFCapstone.Data.csproj", "{F1C73D7F-4F2B-45B7-BC71-1F7B8CAB3FA0}"
EndProject
Project("{FAE04EC0-301F-11D3-BF4B-00C04F79EFBC}") = "FoodieBFCapstone.BLL", "FoodieBFCapstone.BLL\FoodieBFCapstone.BLL.csproj", "{FAC19167-5F0C-4351-89C1-F0862C26ECD0}"
EndProject
Project("{FAE04EC0-301F-11D3-BF4B-00C04F79EFBC}") = "FoodieBFCapstone.Tests", "FoodieBFCapstone.Tests\FoodieBFCapstone.Tests.csproj", "{7D642119-C113-43D3-8068-CE5938C739D0}"
EndProject
Project("{FAE04EC0-301F-11D3-BF4B-00C04F79EFBC}") = "FoodieBFCapstone.Identity", "FoodieBFCapstone.Identity\FoodieBFCapstone.Identity.csproj", "{1A8ECF8C-5F1B-4274-8A8C-7B976DAD1E3B}"
EndProject
Project("{FAE04EC0-301F-11D3-BF4B-00C04F79EFBC}") = "FoodieBFCapstone.UI", "FoodieBFCapstone.UI\FoodieBFCapstone.UI.csproj", "{0B097DD2-1755-4300-883D-6907D7477553}"
EndProject
Project("{FAE04EC0-301F-11D3-BF4B-00C04F79EFBC}") = "FoodieBFCapstone.Models", "FoodieBFCapstone.Models\FoodieBFCapstone.Models.csproj", "{19994E4D-64D7-45BC-9653-FDDBECC610EF}"
EndProject
Global
	GlobalSection(SolutionConfigurationPlatforms) = preSolution
		Debug|Any CPU = Debug|Any CPU
		Release|Any CPU = Release|Any CPU
	EndGlobalSection
	GlobalSection(ProjectConfigurationPlatforms) = postSolution
		{F1C73D7F-4F2B-45B7-BC71-1F7B8CAB3FA0}.Debug|Any CPU.ActiveCfg = Debug|Any CPU
		{F1C73D7F-4F2B-45B7-BC71-1F7B8CAB3FA0}.Debug|Any CPU.Build.0 = Debug|Any CPU
		{F1C73D7F-4F2B-45B7-BC71-1F7B8CAB3FA0}.Release|Any CPU.ActiveCfg = Release|Any CPU
		{F1C73D7F-4F2B-45B7-BC71-1F7B8CAB3FA0}.Release|Any CPU.Build.0 = Release|Any CPU
		{FAC19167-5F0C-4351-89C1-F0862C26ECD0}.Debug|Any CPU.ActiveCfg = Debug|Any CPU
		{FAC19167-5F0C-4351-89C1-F0862C26ECD0}.Debug|Any CPU.Build.0 = Debug|Any CPU
		{FAC19167-5F0C-4351-89C1-F0862C26ECD0}.Release|Any CPU.ActiveCfg = Release|Any CPU
		{FAC19167-5F0C-4351-89C1-F0862C26ECD0}.Release|Any CPU.Build.0 = Release|Any CPU
		{7D642119-C113-43D3-8068-CE5938C739D0}.Debug|Any CPU.ActiveCfg = Debug|Any CPU
		{7D642119-C113-43D3-8068-CE5938C739D0}.Debug|Any CPU.Build.0 = Debug|Any CPU
		{7D642119-C113-43D3-8068-CE5938C739D0}.Release|Any CPU.ActiveCfg = Release|Any CPU
		{7D642119-C113-43D3-8068-CE5938C739D0}.Release|Any CPU.Build.0 = Release|Any CPU
		{1A8ECF8C-5F1B-4274-8A8C-7B976DAD1E3B}.Debug|Any CPU.ActiveCfg = Debug|Any CPU
		{1A8ECF8C-5F1B-4274-8A8C-7B976DAD1E3B}.Debug|Any CPU.Build.0 = Debug|Any CPU
		{1A8ECF8C-5F1B-4274-8A8C-7B976DAD1E3B}.Release|Any CPU.ActiveCfg = Release|Any CPU
		{1A8ECF8C-5F1B-4274-8A8C-7B976DAD1E3B}.Release|Any CPU.Build.0 = Release|Any CPU
		{0B097DD2-1755-4300-883D-6907D7477553}.Debug|Any CPU.ActiveCfg = Debug|Any CPU
		{0B097DD2-1755-4300-883D-6907D7477553}.Debug|Any CPU.Build.0 = Debug|Any CPU
		{0B097DD2-1755-4300-883D-6907D7477553}.Release|Any CPU.ActiveCfg = Release|Any CPU
		{0B097DD2-1755-4300-883D-6907D7477553}.Release|Any CPU.Build.0 = Release|Any CPU
		{19994E4D-64D7-45BC-9653-FDDBECC610EF}.Debug|Any CPU.ActiveCfg = Debug|Any CPU
		{19994E4D-64D7-45BC-9653-FDDBECC610EF}.Debug|Any CPU.Build.0 = Debug|Any CPU
		{19994E4D-64D7-45BC-9653-FDDBECC610EF}.Release|Any CPU.ActiveCfg = Release|Any CPU
		{19994E4D-64D7-45BC-9653-FDDBECC610EF}.Release|Any CPU.Build.0 = Release|Any CPU
	EndGlobalSection
	GlobalSection(SolutionProperties) = preSolution
		HideSolutionNode = FALSE
	EndGlobalSection
EndGlobal
